
Microsoft Visual Studio Solution File, Format Version 12.00
# Visual Studio Version 16
VisualStudioVersion = 16.0.28729.10
MinimumVisualStudioVersion = 10.0.40219.1
Project("{FAE04EC0-301F-11D3-BF4B-00C04F79EFBC}") = "Seminar03", "Seminar03.csproj", "{C5C09FB5-BEDB-4C13-BC10-ABE4F3B8FE8F}"
EndProject
Project("{FAE04EC0-301F-11D3-BF4B-00C04F79EFBC}") = "Task04", "..\Task04\Task04.csproj", "{FDEA3658-BE06-456A-A7AB-987B4C089D7F}"
EndProject
Project("{FAE04EC0-301F-11D3-BF4B-00C04F79EFBC}") = "Test01", "..\Test01\Test01.csproj", "{FEEA2DEA-C8D5-4B87-8DD3-9253281B1C9C}"
EndProject
Project("{FAE04EC0-301F-11D3-BF4B-00C04F79EFBC}") = "Test02", "..\Test02\Test02.csproj", "{102E1052-E3D3-45DB-B156-53E7BFD6A6C0}"
EndProject
Project("{FAE04EC0-301F-11D3-BF4B-00C04F79EFBC}") = "Test03", "..\Test03\Test03.csproj", "{785EC3B2-1009-4D1C-81FF-D93DAE93C162}"
EndProject
Project("{FAE04EC0-301F-11D3-BF4B-00C04F79EFBC}") = "Test04", "..\Test04\Test04.csproj", "{14649B91-6B74-48D0-995D-036D7B5FBB44}"
EndProject
Global
	GlobalSection(SolutionConfigurationPlatforms) = preSolution
		Debug|Any CPU = Debug|Any CPU
		Release|Any CPU = Release|Any CPU
	EndGlobalSection
	GlobalSection(ProjectConfigurationPlatforms) = postSolution
		{C5C09FB5-BEDB-4C13-BC10-ABE4F3B8FE8F}.Debug|Any CPU.ActiveCfg = Debug|Any CPU
		{C5C09FB5-BEDB-4C13-BC10-ABE4F3B8FE8F}.Debug|Any CPU.Build.0 = Debug|Any CPU
		{C5C09FB5-BEDB-4C13-BC10-ABE4F3B8FE8F}.Release|Any CPU.ActiveCfg = Release|Any CPU
		{C5C09FB5-BEDB-4C13-BC10-ABE4F3B8FE8F}.Release|Any CPU.Build.0 = Release|Any CPU
		{FDEA3658-BE06-456A-A7AB-987B4C089D7F}.Debug|Any CPU.ActiveCfg = Debug|Any CPU
		{FDEA3658-BE06-456A-A7AB-987B4C089D7F}.Debug|Any CPU.Build.0 = Debug|Any CPU
		{FDEA3658-BE06-456A-A7AB-987B4C089D7F}.Release|Any CPU.ActiveCfg = Release|Any CPU
		{FDEA3658-BE06-456A-A7AB-987B4C089D7F}.Release|Any CPU.Build.0 = Release|Any CPU
		{FEEA2DEA-C8D5-4B87-8DD3-9253281B1C9C}.Debug|Any CPU.ActiveCfg = Debug|Any CPU
		{FEEA2DEA-C8D5-4B87-8DD3-9253281B1C9C}.Debug|Any CPU.Build.0 = Debug|Any CPU
		{FEEA2DEA-C8D5-4B87-8DD3-9253281B1C9C}.Release|Any CPU.ActiveCfg = Release|Any CPU
		{FEEA2DEA-C8D5-4B87-8DD3-9253281B1C9C}.Release|Any CPU.Build.0 = Release|Any CPU
		{102E1052-E3D3-45DB-B156-53E7BFD6A6C0}.Debug|Any CPU.ActiveCfg = Debug|Any CPU
		{102E1052-E3D3-45DB-B156-53E7BFD6A6C0}.Debug|Any CPU.Build.0 = Debug|Any CPU
		{102E1052-E3D3-45DB-B156-53E7BFD6A6C0}.Release|Any CPU.ActiveCfg = Release|Any CPU
		{102E1052-E3D3-45DB-B156-53E7BFD6A6C0}.Release|Any CPU.Build.0 = Release|Any CPU
		{785EC3B2-1009-4D1C-81FF-D93DAE93C162}.Debug|Any CPU.ActiveCfg = Debug|Any CPU
		{785EC3B2-1009-4D1C-81FF-D93DAE93C162}.Debug|Any CPU.Build.0 = Debug|Any CPU
		{785EC3B2-1009-4D1C-81FF-D93DAE93C162}.Release|Any CPU.ActiveCfg = Release|Any CPU
		{785EC3B2-1009-4D1C-81FF-D93DAE93C162}.Release|Any CPU.Build.0 = Release|Any CPU
		{14649B91-6B74-48D0-995D-036D7B5FBB44}.Debug|Any CPU.ActiveCfg = Debug|Any CPU
		{14649B91-6B74-48D0-995D-036D7B5FBB44}.Debug|Any CPU.Build.0 = Debug|Any CPU
		{14649B91-6B74-48D0-995D-036D7B5FBB44}.Release|Any CPU.ActiveCfg = Release|Any CPU
		{14649B91-6B74-48D0-995D-036D7B5FBB44}.Release|Any CPU.Build.0 = Release|Any CPU
	EndGlobalSection
	GlobalSection(SolutionProperties) = preSolution
		HideSolutionNode = FALSE
	EndGlobalSection
	GlobalSection(ExtensibilityGlobals) = postSolution
		SolutionGuid = {1DA01F00-B787-4846-9456-D122D9412FB7}
	EndGlobalSection
EndGlobal
