
Microsoft Visual Studio Solution File, Format Version 12.00
# Visual Studio Version 16
VisualStudioVersion = 16.0.28729.10
MinimumVisualStudioVersion = 10.0.40219.1
Project("{FAE04EC0-301F-11D3-BF4B-00C04F79EFBC}") = "Example01", "Seminar04\Example01.csproj", "{326CB2FB-07AF-41D1-B010-CA12333270D1}"
EndProject
Project("{FAE04EC0-301F-11D3-BF4B-00C04F79EFBC}") = "Example02", "Example02\Example02.csproj", "{C84FD445-2BE9-422E-B287-90E7219B5644}"
EndProject
Project("{FAE04EC0-301F-11D3-BF4B-00C04F79EFBC}") = "Example03", "Example03\Example03.csproj", "{AC09B669-A869-441E-B26F-8E78DC559561}"
EndProject
Project("{FAE04EC0-301F-11D3-BF4B-00C04F79EFBC}") = "Example04", "Example04\Example04.csproj", "{4E3FC736-3732-4FE6-A86E-767523318922}"
EndProject
Project("{FAE04EC0-301F-11D3-BF4B-00C04F79EFBC}") = "Example05", "Example05\Example05.csproj", "{D5DF02EF-4BA7-4C9A-8CF6-0571C9EECC1C}"
EndProject
Project("{FAE04EC0-301F-11D3-BF4B-00C04F79EFBC}") = "Example06", "Example06\Example06.csproj", "{750CEC9D-61D5-48CC-A4B3-2363DB171210}"
EndProject
Project("{FAE04EC0-301F-11D3-BF4B-00C04F79EFBC}") = "Task01", "Task01\Task01.csproj", "{BD240F9B-6233-4E09-B9B3-2F514F8DE532}"
EndProject
Project("{FAE04EC0-301F-11D3-BF4B-00C04F79EFBC}") = "Task02", "Task02\Task02.csproj", "{83C89F2D-DB40-4C5C-A282-B3B548240454}"
EndProject
Project("{FAE04EC0-301F-11D3-BF4B-00C04F79EFBC}") = "Task02_1", "Task02_1\Task02_1.csproj", "{C2E605BD-C129-4229-91F8-43549479C3CA}"
EndProject
Project("{FAE04EC0-301F-11D3-BF4B-00C04F79EFBC}") = "Task03", "Task03\Task03.csproj", "{5993547B-BD05-40AF-B39F-6484794F7207}"
EndProject
Project("{FAE04EC0-301F-11D3-BF4B-00C04F79EFBC}") = "Task04", "Task04\Task04.csproj", "{FB4DD9B1-0E33-495A-9B9F-9913929777DC}"
EndProject
Project("{FAE04EC0-301F-11D3-BF4B-00C04F79EFBC}") = "Task05", "Task05\Task05.csproj", "{7C083F64-3A8F-40D5-AEE2-9970B3CC52FB}"
EndProject
Project("{FAE04EC0-301F-11D3-BF4B-00C04F79EFBC}") = "Task06", "Task06\Task06.csproj", "{49953FD6-63AD-482F-A73D-5591D5F740AB}"
EndProject
Project("{FAE04EC0-301F-11D3-BF4B-00C04F79EFBC}") = "Example00", "Example00\Example00.csproj", "{F3E61F93-07A2-4C19-B5E8-AEA8F411DB5E}"
EndProject
Global
	GlobalSection(SolutionConfigurationPlatforms) = preSolution
		Debug|Any CPU = Debug|Any CPU
		Release|Any CPU = Release|Any CPU
	EndGlobalSection
	GlobalSection(ProjectConfigurationPlatforms) = postSolution
		{326CB2FB-07AF-41D1-B010-CA12333270D1}.Debug|Any CPU.ActiveCfg = Debug|Any CPU
		{326CB2FB-07AF-41D1-B010-CA12333270D1}.Debug|Any CPU.Build.0 = Debug|Any CPU
		{326CB2FB-07AF-41D1-B010-CA12333270D1}.Release|Any CPU.ActiveCfg = Release|Any CPU
		{326CB2FB-07AF-41D1-B010-CA12333270D1}.Release|Any CPU.Build.0 = Release|Any CPU
		{C84FD445-2BE9-422E-B287-90E7219B5644}.Debug|Any CPU.ActiveCfg = Debug|Any CPU
		{C84FD445-2BE9-422E-B287-90E7219B5644}.Debug|Any CPU.Build.0 = Debug|Any CPU
		{C84FD445-2BE9-422E-B287-90E7219B5644}.Release|Any CPU.ActiveCfg = Release|Any CPU
		{C84FD445-2BE9-422E-B287-90E7219B5644}.Release|Any CPU.Build.0 = Release|Any CPU
		{AC09B669-A869-441E-B26F-8E78DC559561}.Debug|Any CPU.ActiveCfg = Debug|Any CPU
		{AC09B669-A869-441E-B26F-8E78DC559561}.Debug|Any CPU.Build.0 = Debug|Any CPU
		{AC09B669-A869-441E-B26F-8E78DC559561}.Release|Any CPU.ActiveCfg = Release|Any CPU
		{AC09B669-A869-441E-B26F-8E78DC559561}.Release|Any CPU.Build.0 = Release|Any CPU
		{4E3FC736-3732-4FE6-A86E-767523318922}.Debug|Any CPU.ActiveCfg = Debug|Any CPU
		{4E3FC736-3732-4FE6-A86E-767523318922}.Debug|Any CPU.Build.0 = Debug|Any CPU
		{4E3FC736-3732-4FE6-A86E-767523318922}.Release|Any CPU.ActiveCfg = Release|Any CPU
		{4E3FC736-3732-4FE6-A86E-767523318922}.Release|Any CPU.Build.0 = Release|Any CPU
		{D5DF02EF-4BA7-4C9A-8CF6-0571C9EECC1C}.Debug|Any CPU.ActiveCfg = Debug|Any CPU
		{D5DF02EF-4BA7-4C9A-8CF6-0571C9EECC1C}.Debug|Any CPU.Build.0 = Debug|Any CPU
		{D5DF02EF-4BA7-4C9A-8CF6-0571C9EECC1C}.Release|Any CPU.ActiveCfg = Release|Any CPU
		{D5DF02EF-4BA7-4C9A-8CF6-0571C9EECC1C}.Release|Any CPU.Build.0 = Release|Any CPU
		{750CEC9D-61D5-48CC-A4B3-2363DB171210}.Debug|Any CPU.ActiveCfg = Debug|Any CPU
		{750CEC9D-61D5-48CC-A4B3-2363DB171210}.Debug|Any CPU.Build.0 = Debug|Any CPU
		{750CEC9D-61D5-48CC-A4B3-2363DB171210}.Release|Any CPU.ActiveCfg = Release|Any CPU
		{750CEC9D-61D5-48CC-A4B3-2363DB171210}.Release|Any CPU.Build.0 = Release|Any CPU
		{BD240F9B-6233-4E09-B9B3-2F514F8DE532}.Debug|Any CPU.ActiveCfg = Debug|Any CPU
		{BD240F9B-6233-4E09-B9B3-2F514F8DE532}.Debug|Any CPU.Build.0 = Debug|Any CPU
		{BD240F9B-6233-4E09-B9B3-2F514F8DE532}.Release|Any CPU.ActiveCfg = Release|Any CPU
		{BD240F9B-6233-4E09-B9B3-2F514F8DE532}.Release|Any CPU.Build.0 = Release|Any CPU
		{83C89F2D-DB40-4C5C-A282-B3B548240454}.Debug|Any CPU.ActiveCfg = Debug|Any CPU
		{83C89F2D-DB40-4C5C-A282-B3B548240454}.Debug|Any CPU.Build.0 = Debug|Any CPU
		{83C89F2D-DB40-4C5C-A282-B3B548240454}.Release|Any CPU.ActiveCfg = Release|Any CPU
		{83C89F2D-DB40-4C5C-A282-B3B548240454}.Release|Any CPU.Build.0 = Release|Any CPU
		{C2E605BD-C129-4229-91F8-43549479C3CA}.Debug|Any CPU.ActiveCfg = Debug|Any CPU
		{C2E605BD-C129-4229-91F8-43549479C3CA}.Debug|Any CPU.Build.0 = Debug|Any CPU
		{C2E605BD-C129-4229-91F8-43549479C3CA}.Release|Any CPU.ActiveCfg = Release|Any CPU
		{C2E605BD-C129-4229-91F8-43549479C3CA}.Release|Any CPU.Build.0 = Release|Any CPU
		{5993547B-BD05-40AF-B39F-6484794F7207}.Debug|Any CPU.ActiveCfg = Debug|Any CPU
		{5993547B-BD05-40AF-B39F-6484794F7207}.Debug|Any CPU.Build.0 = Debug|Any CPU
		{5993547B-BD05-40AF-B39F-6484794F7207}.Release|Any CPU.ActiveCfg = Release|Any CPU
		{5993547B-BD05-40AF-B39F-6484794F7207}.Release|Any CPU.Build.0 = Release|Any CPU
		{FB4DD9B1-0E33-495A-9B9F-9913929777DC}.Debug|Any CPU.ActiveCfg = Debug|Any CPU
		{FB4DD9B1-0E33-495A-9B9F-9913929777DC}.Debug|Any CPU.Build.0 = Debug|Any CPU
		{FB4DD9B1-0E33-495A-9B9F-9913929777DC}.Release|Any CPU.ActiveCfg = Release|Any CPU
		{FB4DD9B1-0E33-495A-9B9F-9913929777DC}.Release|Any CPU.Build.0 = Release|Any CPU
		{7C083F64-3A8F-40D5-AEE2-9970B3CC52FB}.Debug|Any CPU.ActiveCfg = Debug|Any CPU
		{7C083F64-3A8F-40D5-AEE2-9970B3CC52FB}.Debug|Any CPU.Build.0 = Debug|Any CPU
		{7C083F64-3A8F-40D5-AEE2-9970B3CC52FB}.Release|Any CPU.ActiveCfg = Release|Any CPU
		{7C083F64-3A8F-40D5-AEE2-9970B3CC52FB}.Release|Any CPU.Build.0 = Release|Any CPU
		{49953FD6-63AD-482F-A73D-5591D5F740AB}.Debug|Any CPU.ActiveCfg = Debug|Any CPU
		{49953FD6-63AD-482F-A73D-5591D5F740AB}.Debug|Any CPU.Build.0 = Debug|Any CPU
		{49953FD6-63AD-482F-A73D-5591D5F740AB}.Release|Any CPU.ActiveCfg = Release|Any CPU
		{49953FD6-63AD-482F-A73D-5591D5F740AB}.Release|Any CPU.Build.0 = Release|Any CPU
		{F3E61F93-07A2-4C19-B5E8-AEA8F411DB5E}.Debug|Any CPU.ActiveCfg = Debug|Any CPU
		{F3E61F93-07A2-4C19-B5E8-AEA8F411DB5E}.Debug|Any CPU.Build.0 = Debug|Any CPU
		{F3E61F93-07A2-4C19-B5E8-AEA8F411DB5E}.Release|Any CPU.ActiveCfg = Release|Any CPU
		{F3E61F93-07A2-4C19-B5E8-AEA8F411DB5E}.Release|Any CPU.Build.0 = Release|Any CPU
	EndGlobalSection
	GlobalSection(SolutionProperties) = preSolution
		HideSolutionNode = FALSE
	EndGlobalSection
	GlobalSection(ExtensibilityGlobals) = postSolution
		SolutionGuid = {A62F20F0-DBBF-4B67-A1F2-967B5B754DE1}
	EndGlobalSection
EndGlobal
