
Microsoft Visual Studio Solution File, Format Version 12.00
# Visual Studio Version 16
VisualStudioVersion = 16.0.28729.10
MinimumVisualStudioVersion = 10.0.40219.1
Project("{FAE04EC0-301F-11D3-BF4B-00C04F79EFBC}") = "Task01", "Task01\Task01.csproj", "{72A9544E-8BF3-4EE4-89C8-6612A766C2B8}"
EndProject
Project("{9A19103F-16F7-4668-BE54-9A1E7A4F7556}") = "Lib01", "Lib01\Lib01.csproj", "{EFD49D5A-76D7-458E-A8F0-20A15167AD91}"
EndProject
Project("{FAE04EC0-301F-11D3-BF4B-00C04F79EFBC}") = "Task02", "Task02\Task02.csproj", "{2D176D71-C8F9-4822-8964-7EA2E9B62A10}"
EndProject
Global
	GlobalSection(SolutionConfigurationPlatforms) = preSolution
		Debug|Any CPU = Debug|Any CPU
		Release|Any CPU = Release|Any CPU
	EndGlobalSection
	GlobalSection(ProjectConfigurationPlatforms) = postSolution
		{72A9544E-8BF3-4EE4-89C8-6612A766C2B8}.Debug|Any CPU.ActiveCfg = Debug|Any CPU
		{72A9544E-8BF3-4EE4-89C8-6612A766C2B8}.Debug|Any CPU.Build.0 = Debug|Any CPU
		{72A9544E-8BF3-4EE4-89C8-6612A766C2B8}.Release|Any CPU.ActiveCfg = Release|Any CPU
		{72A9544E-8BF3-4EE4-89C8-6612A766C2B8}.Release|Any CPU.Build.0 = Release|Any CPU
		{EFD49D5A-76D7-458E-A8F0-20A15167AD91}.Debug|Any CPU.ActiveCfg = Debug|Any CPU
		{EFD49D5A-76D7-458E-A8F0-20A15167AD91}.Debug|Any CPU.Build.0 = Debug|Any CPU
		{EFD49D5A-76D7-458E-A8F0-20A15167AD91}.Release|Any CPU.ActiveCfg = Release|Any CPU
		{EFD49D5A-76D7-458E-A8F0-20A15167AD91}.Release|Any CPU.Build.0 = Release|Any CPU
		{2D176D71-C8F9-4822-8964-7EA2E9B62A10}.Debug|Any CPU.ActiveCfg = Debug|Any CPU
		{2D176D71-C8F9-4822-8964-7EA2E9B62A10}.Debug|Any CPU.Build.0 = Debug|Any CPU
		{2D176D71-C8F9-4822-8964-7EA2E9B62A10}.Release|Any CPU.ActiveCfg = Release|Any CPU
		{2D176D71-C8F9-4822-8964-7EA2E9B62A10}.Release|Any CPU.Build.0 = Release|Any CPU
	EndGlobalSection
	GlobalSection(SolutionProperties) = preSolution
		HideSolutionNode = FALSE
	EndGlobalSection
	GlobalSection(ExtensibilityGlobals) = postSolution
		SolutionGuid = {BC53AF27-E091-4FF3-8F8A-D469416E456E}
	EndGlobalSection
EndGlobal
