
Microsoft Visual Studio Solution File, Format Version 12.00
# Visual Studio Version 16
VisualStudioVersion = 16.0.28729.10
MinimumVisualStudioVersion = 10.0.40219.1
Project("{FAE04EC0-301F-11D3-BF4B-00C04F79EFBC}") = "Example01", "Example01\Example01.csproj", "{328CE4AD-0318-4E0F-9843-7C17A7A4AF53}"
EndProject
Project("{FAE04EC0-301F-11D3-BF4B-00C04F79EFBC}") = "Example02", "Example02\Example02.csproj", "{33E7BCDD-9D9A-4A86-B474-437572510A18}"
EndProject
Project("{FAE04EC0-301F-11D3-BF4B-00C04F79EFBC}") = "Example03", "Example03\Example03.csproj", "{8106182C-894C-4DBD-98A8-7494984037F7}"
EndProject
Project("{FAE04EC0-301F-11D3-BF4B-00C04F79EFBC}") = "Example04", "Example04\Example04.csproj", "{565ABCFD-AFF1-4D91-8E78-B7F0A0ACD776}"
EndProject
Project("{FAE04EC0-301F-11D3-BF4B-00C04F79EFBC}") = "Example05", "Example05\Example05.csproj", "{ADE6DD20-7606-46B3-8A49-6FB99298807B}"
EndProject
Project("{FAE04EC0-301F-11D3-BF4B-00C04F79EFBC}") = "Example06", "Example06\Example06.csproj", "{6ABDBC1E-A5D1-4C04-86C2-92D599D321B2}"
EndProject
Project("{FAE04EC0-301F-11D3-BF4B-00C04F79EFBC}") = "Example07", "Example07\Example07.csproj", "{415EAFD7-756C-446E-9B89-D48C7E401466}"
EndProject
Project("{FAE04EC0-301F-11D3-BF4B-00C04F79EFBC}") = "Example08", "Example08\Example08.csproj", "{6976352C-D80B-492B-A4D3-E504233CCFFB}"
EndProject
Project("{FAE04EC0-301F-11D3-BF4B-00C04F79EFBC}") = "Example09", "Example09\Example09.csproj", "{E2664B0E-9D7C-49A6-BEDC-A71E86A88B62}"
EndProject
Project("{FAE04EC0-301F-11D3-BF4B-00C04F79EFBC}") = "Task01", "Task01\Task01.csproj", "{01DBC96A-995D-4D5C-B6E2-B778206EF268}"
EndProject
Project("{FAE04EC0-301F-11D3-BF4B-00C04F79EFBC}") = "Task01_soap", "Task01_soap\Task01_soap.csproj", "{1ED26565-CE38-4EFF-9340-DEC48A33FCCE}"
EndProject
Project("{FAE04EC0-301F-11D3-BF4B-00C04F79EFBC}") = "Task01_xml1", "Task01_xml1\Task01_xml1.csproj", "{5C05EB0C-0027-4D05-BF7F-ECF621AF62A3}"
EndProject
Project("{FAE04EC0-301F-11D3-BF4B-00C04F79EFBC}") = "Task01_xml2", "Task01_xml2\Task01_xml2.csproj", "{03CDE4C2-67BF-4C17-AA27-9C6B49D0C542}"
EndProject
Project("{FAE04EC0-301F-11D3-BF4B-00C04F79EFBC}") = "Task02", "Task02\Task02.csproj", "{FB93CB77-FDFC-4E56-89E5-6CD14B6110B2}"
EndProject
Project("{FAE04EC0-301F-11D3-BF4B-00C04F79EFBC}") = "Task02_xmlarray", "Task02_xamlarray\Task02_xmlarray.csproj", "{8DB82BD5-A13F-418B-8023-62089FDD8696}"
EndProject
Project("{FAE04EC0-301F-11D3-BF4B-00C04F79EFBC}") = "Task02_xml", "Task02_xml\Task02_xml.csproj", "{C07996E0-EEBF-4CA5-B6AE-EAD0E4C65AF5}"
EndProject
Project("{FAE04EC0-301F-11D3-BF4B-00C04F79EFBC}") = "Task03", "Task03\Task03.csproj", "{DC21466F-EE51-4C17-9EB4-A8184251D5F1}"
EndProject
Project("{FAE04EC0-301F-11D3-BF4B-00C04F79EFBC}") = "Task04", "Task04\Task04.csproj", "{698D2130-ACC1-4DE6-A1E1-068595C153F0}"
EndProject
Global
	GlobalSection(SolutionConfigurationPlatforms) = preSolution
		Debug|Any CPU = Debug|Any CPU
		Release|Any CPU = Release|Any CPU
	EndGlobalSection
	GlobalSection(ProjectConfigurationPlatforms) = postSolution
		{328CE4AD-0318-4E0F-9843-7C17A7A4AF53}.Debug|Any CPU.ActiveCfg = Debug|Any CPU
		{328CE4AD-0318-4E0F-9843-7C17A7A4AF53}.Debug|Any CPU.Build.0 = Debug|Any CPU
		{328CE4AD-0318-4E0F-9843-7C17A7A4AF53}.Release|Any CPU.ActiveCfg = Release|Any CPU
		{328CE4AD-0318-4E0F-9843-7C17A7A4AF53}.Release|Any CPU.Build.0 = Release|Any CPU
		{33E7BCDD-9D9A-4A86-B474-437572510A18}.Debug|Any CPU.ActiveCfg = Debug|Any CPU
		{33E7BCDD-9D9A-4A86-B474-437572510A18}.Debug|Any CPU.Build.0 = Debug|Any CPU
		{33E7BCDD-9D9A-4A86-B474-437572510A18}.Release|Any CPU.ActiveCfg = Release|Any CPU
		{33E7BCDD-9D9A-4A86-B474-437572510A18}.Release|Any CPU.Build.0 = Release|Any CPU
		{8106182C-894C-4DBD-98A8-7494984037F7}.Debug|Any CPU.ActiveCfg = Debug|Any CPU
		{8106182C-894C-4DBD-98A8-7494984037F7}.Debug|Any CPU.Build.0 = Debug|Any CPU
		{8106182C-894C-4DBD-98A8-7494984037F7}.Release|Any CPU.ActiveCfg = Release|Any CPU
		{8106182C-894C-4DBD-98A8-7494984037F7}.Release|Any CPU.Build.0 = Release|Any CPU
		{565ABCFD-AFF1-4D91-8E78-B7F0A0ACD776}.Debug|Any CPU.ActiveCfg = Debug|Any CPU
		{565ABCFD-AFF1-4D91-8E78-B7F0A0ACD776}.Debug|Any CPU.Build.0 = Debug|Any CPU
		{565ABCFD-AFF1-4D91-8E78-B7F0A0ACD776}.Release|Any CPU.ActiveCfg = Release|Any CPU
		{565ABCFD-AFF1-4D91-8E78-B7F0A0ACD776}.Release|Any CPU.Build.0 = Release|Any CPU
		{ADE6DD20-7606-46B3-8A49-6FB99298807B}.Debug|Any CPU.ActiveCfg = Debug|Any CPU
		{ADE6DD20-7606-46B3-8A49-6FB99298807B}.Debug|Any CPU.Build.0 = Debug|Any CPU
		{ADE6DD20-7606-46B3-8A49-6FB99298807B}.Release|Any CPU.ActiveCfg = Release|Any CPU
		{ADE6DD20-7606-46B3-8A49-6FB99298807B}.Release|Any CPU.Build.0 = Release|Any CPU
		{6ABDBC1E-A5D1-4C04-86C2-92D599D321B2}.Debug|Any CPU.ActiveCfg = Debug|Any CPU
		{6ABDBC1E-A5D1-4C04-86C2-92D599D321B2}.Debug|Any CPU.Build.0 = Debug|Any CPU
		{6ABDBC1E-A5D1-4C04-86C2-92D599D321B2}.Release|Any CPU.ActiveCfg = Release|Any CPU
		{6ABDBC1E-A5D1-4C04-86C2-92D599D321B2}.Release|Any CPU.Build.0 = Release|Any CPU
		{415EAFD7-756C-446E-9B89-D48C7E401466}.Debug|Any CPU.ActiveCfg = Debug|Any CPU
		{415EAFD7-756C-446E-9B89-D48C7E401466}.Debug|Any CPU.Build.0 = Debug|Any CPU
		{415EAFD7-756C-446E-9B89-D48C7E401466}.Release|Any CPU.ActiveCfg = Release|Any CPU
		{415EAFD7-756C-446E-9B89-D48C7E401466}.Release|Any CPU.Build.0 = Release|Any CPU
		{6976352C-D80B-492B-A4D3-E504233CCFFB}.Debug|Any CPU.ActiveCfg = Debug|Any CPU
		{6976352C-D80B-492B-A4D3-E504233CCFFB}.Debug|Any CPU.Build.0 = Debug|Any CPU
		{6976352C-D80B-492B-A4D3-E504233CCFFB}.Release|Any CPU.ActiveCfg = Release|Any CPU
		{6976352C-D80B-492B-A4D3-E504233CCFFB}.Release|Any CPU.Build.0 = Release|Any CPU
		{E2664B0E-9D7C-49A6-BEDC-A71E86A88B62}.Debug|Any CPU.ActiveCfg = Debug|Any CPU
		{E2664B0E-9D7C-49A6-BEDC-A71E86A88B62}.Debug|Any CPU.Build.0 = Debug|Any CPU
		{E2664B0E-9D7C-49A6-BEDC-A71E86A88B62}.Release|Any CPU.ActiveCfg = Release|Any CPU
		{E2664B0E-9D7C-49A6-BEDC-A71E86A88B62}.Release|Any CPU.Build.0 = Release|Any CPU
		{01DBC96A-995D-4D5C-B6E2-B778206EF268}.Debug|Any CPU.ActiveCfg = Debug|Any CPU
		{01DBC96A-995D-4D5C-B6E2-B778206EF268}.Debug|Any CPU.Build.0 = Debug|Any CPU
		{01DBC96A-995D-4D5C-B6E2-B778206EF268}.Release|Any CPU.ActiveCfg = Release|Any CPU
		{01DBC96A-995D-4D5C-B6E2-B778206EF268}.Release|Any CPU.Build.0 = Release|Any CPU
		{1ED26565-CE38-4EFF-9340-DEC48A33FCCE}.Debug|Any CPU.ActiveCfg = Debug|Any CPU
		{1ED26565-CE38-4EFF-9340-DEC48A33FCCE}.Debug|Any CPU.Build.0 = Debug|Any CPU
		{1ED26565-CE38-4EFF-9340-DEC48A33FCCE}.Release|Any CPU.ActiveCfg = Release|Any CPU
		{1ED26565-CE38-4EFF-9340-DEC48A33FCCE}.Release|Any CPU.Build.0 = Release|Any CPU
		{5C05EB0C-0027-4D05-BF7F-ECF621AF62A3}.Debug|Any CPU.ActiveCfg = Debug|Any CPU
		{5C05EB0C-0027-4D05-BF7F-ECF621AF62A3}.Debug|Any CPU.Build.0 = Debug|Any CPU
		{5C05EB0C-0027-4D05-BF7F-ECF621AF62A3}.Release|Any CPU.ActiveCfg = Release|Any CPU
		{5C05EB0C-0027-4D05-BF7F-ECF621AF62A3}.Release|Any CPU.Build.0 = Release|Any CPU
		{03CDE4C2-67BF-4C17-AA27-9C6B49D0C542}.Debug|Any CPU.ActiveCfg = Debug|Any CPU
		{03CDE4C2-67BF-4C17-AA27-9C6B49D0C542}.Debug|Any CPU.Build.0 = Debug|Any CPU
		{03CDE4C2-67BF-4C17-AA27-9C6B49D0C542}.Release|Any CPU.ActiveCfg = Release|Any CPU
		{03CDE4C2-67BF-4C17-AA27-9C6B49D0C542}.Release|Any CPU.Build.0 = Release|Any CPU
		{FB93CB77-FDFC-4E56-89E5-6CD14B6110B2}.Debug|Any CPU.ActiveCfg = Debug|Any CPU
		{FB93CB77-FDFC-4E56-89E5-6CD14B6110B2}.Debug|Any CPU.Build.0 = Debug|Any CPU
		{FB93CB77-FDFC-4E56-89E5-6CD14B6110B2}.Release|Any CPU.ActiveCfg = Release|Any CPU
		{FB93CB77-FDFC-4E56-89E5-6CD14B6110B2}.Release|Any CPU.Build.0 = Release|Any CPU
		{8DB82BD5-A13F-418B-8023-62089FDD8696}.Debug|Any CPU.ActiveCfg = Debug|Any CPU
		{8DB82BD5-A13F-418B-8023-62089FDD8696}.Debug|Any CPU.Build.0 = Debug|Any CPU
		{8DB82BD5-A13F-418B-8023-62089FDD8696}.Release|Any CPU.ActiveCfg = Release|Any CPU
		{8DB82BD5-A13F-418B-8023-62089FDD8696}.Release|Any CPU.Build.0 = Release|Any CPU
		{C07996E0-EEBF-4CA5-B6AE-EAD0E4C65AF5}.Debug|Any CPU.ActiveCfg = Debug|Any CPU
		{C07996E0-EEBF-4CA5-B6AE-EAD0E4C65AF5}.Debug|Any CPU.Build.0 = Debug|Any CPU
		{C07996E0-EEBF-4CA5-B6AE-EAD0E4C65AF5}.Release|Any CPU.ActiveCfg = Release|Any CPU
		{C07996E0-EEBF-4CA5-B6AE-EAD0E4C65AF5}.Release|Any CPU.Build.0 = Release|Any CPU
		{DC21466F-EE51-4C17-9EB4-A8184251D5F1}.Debug|Any CPU.ActiveCfg = Debug|Any CPU
		{DC21466F-EE51-4C17-9EB4-A8184251D5F1}.Debug|Any CPU.Build.0 = Debug|Any CPU
		{DC21466F-EE51-4C17-9EB4-A8184251D5F1}.Release|Any CPU.ActiveCfg = Release|Any CPU
		{DC21466F-EE51-4C17-9EB4-A8184251D5F1}.Release|Any CPU.Build.0 = Release|Any CPU
		{698D2130-ACC1-4DE6-A1E1-068595C153F0}.Debug|Any CPU.ActiveCfg = Debug|Any CPU
		{698D2130-ACC1-4DE6-A1E1-068595C153F0}.Debug|Any CPU.Build.0 = Debug|Any CPU
		{698D2130-ACC1-4DE6-A1E1-068595C153F0}.Release|Any CPU.ActiveCfg = Release|Any CPU
		{698D2130-ACC1-4DE6-A1E1-068595C153F0}.Release|Any CPU.Build.0 = Release|Any CPU
	EndGlobalSection
	GlobalSection(SolutionProperties) = preSolution
		HideSolutionNode = FALSE
	EndGlobalSection
	GlobalSection(ExtensibilityGlobals) = postSolution
		SolutionGuid = {BDE107F5-0A97-4F42-AB4B-082594AE1953}
	EndGlobalSection
EndGlobal
