
Microsoft Visual Studio Solution File, Format Version 12.00
# Visual Studio 15
VisualStudioVersion = 15.0.28010.2026
MinimumVisualStudioVersion = 10.0.40219.1
Project("{FAE04EC0-301F-11D3-BF4B-00C04F79EFBC}") = "Seminar10", "Seminar10\Seminar10.csproj", "{F98BEC0B-976F-44F7-9947-91BFE1DC8C20}"
EndProject
Project("{FAE04EC0-301F-11D3-BF4B-00C04F79EFBC}") = "Task1", "Task1\Task1.csproj", "{9CFCDB6D-B2C0-4FBF-9320-B62460B1935D}"
EndProject
Project("{FAE04EC0-301F-11D3-BF4B-00C04F79EFBC}") = "Task2", "Task2\Task2.csproj", "{52FA83D8-A9D3-4E33-B5EF-715B33F1608B}"
EndProject
Project("{FAE04EC0-301F-11D3-BF4B-00C04F79EFBC}") = "Task1Add", "Task1Add\Task1Add.csproj", "{7C85F489-C638-46F9-85DB-207DEC50601A}"
EndProject
Project("{FAE04EC0-301F-11D3-BF4B-00C04F79EFBC}") = "Task3", "Task3\Task3.csproj", "{C2345951-A493-432E-BA8F-6EC4BC6EED8C}"
EndProject
Global
	GlobalSection(SolutionConfigurationPlatforms) = preSolution
		Debug|Any CPU = Debug|Any CPU
		Release|Any CPU = Release|Any CPU
	EndGlobalSection
	GlobalSection(ProjectConfigurationPlatforms) = postSolution
		{F98BEC0B-976F-44F7-9947-91BFE1DC8C20}.Debug|Any CPU.ActiveCfg = Debug|Any CPU
		{F98BEC0B-976F-44F7-9947-91BFE1DC8C20}.Debug|Any CPU.Build.0 = Debug|Any CPU
		{F98BEC0B-976F-44F7-9947-91BFE1DC8C20}.Release|Any CPU.ActiveCfg = Release|Any CPU
		{F98BEC0B-976F-44F7-9947-91BFE1DC8C20}.Release|Any CPU.Build.0 = Release|Any CPU
		{9CFCDB6D-B2C0-4FBF-9320-B62460B1935D}.Debug|Any CPU.ActiveCfg = Debug|Any CPU
		{9CFCDB6D-B2C0-4FBF-9320-B62460B1935D}.Debug|Any CPU.Build.0 = Debug|Any CPU
		{9CFCDB6D-B2C0-4FBF-9320-B62460B1935D}.Release|Any CPU.ActiveCfg = Release|Any CPU
		{9CFCDB6D-B2C0-4FBF-9320-B62460B1935D}.Release|Any CPU.Build.0 = Release|Any CPU
		{52FA83D8-A9D3-4E33-B5EF-715B33F1608B}.Debug|Any CPU.ActiveCfg = Debug|Any CPU
		{52FA83D8-A9D3-4E33-B5EF-715B33F1608B}.Debug|Any CPU.Build.0 = Debug|Any CPU
		{52FA83D8-A9D3-4E33-B5EF-715B33F1608B}.Release|Any CPU.ActiveCfg = Release|Any CPU
		{52FA83D8-A9D3-4E33-B5EF-715B33F1608B}.Release|Any CPU.Build.0 = Release|Any CPU
		{7C85F489-C638-46F9-85DB-207DEC50601A}.Debug|Any CPU.ActiveCfg = Debug|Any CPU
		{7C85F489-C638-46F9-85DB-207DEC50601A}.Debug|Any CPU.Build.0 = Debug|Any CPU
		{7C85F489-C638-46F9-85DB-207DEC50601A}.Release|Any CPU.ActiveCfg = Release|Any CPU
		{7C85F489-C638-46F9-85DB-207DEC50601A}.Release|Any CPU.Build.0 = Release|Any CPU
		{C2345951-A493-432E-BA8F-6EC4BC6EED8C}.Debug|Any CPU.ActiveCfg = Debug|Any CPU
		{C2345951-A493-432E-BA8F-6EC4BC6EED8C}.Debug|Any CPU.Build.0 = Debug|Any CPU
		{C2345951-A493-432E-BA8F-6EC4BC6EED8C}.Release|Any CPU.ActiveCfg = Release|Any CPU
		{C2345951-A493-432E-BA8F-6EC4BC6EED8C}.Release|Any CPU.Build.0 = Release|Any CPU
	EndGlobalSection
	GlobalSection(SolutionProperties) = preSolution
		HideSolutionNode = FALSE
	EndGlobalSection
	GlobalSection(ExtensibilityGlobals) = postSolution
		SolutionGuid = {C931CA81-6400-4B56-8805-3BD705DDDCFD}
	EndGlobalSection
EndGlobal
